// !$*UTF8*$!
{
	archiveVersion = 1;
	classes = {
	};
	objectVersion = 56;
	objects = {

/* Begin PBXBuildFile section */
		A2BD158F2C8DB49500AF8816 /* QuotesByCategoryViewController.swift in Sources */ = {isa = PBXBuildFile; fileRef = A2BD158E2C8DB49500AF8816 /* QuotesByCategoryViewController.swift */; };
		A2BD15912C8DB56E00AF8816 /* QuoteDetailViewController.swift in Sources */ = {isa = PBXBuildFile; fileRef = A2BD15902C8DB56E00AF8816 /* QuoteDetailViewController.swift */; };
		A2FB0F102C8C88F50062B9D9 /* AppDelegate.swift in Sources */ = {isa = PBXBuildFile; fileRef = A2FB0F0F2C8C88F50062B9D9 /* AppDelegate.swift */; };
		A2FB0F122C8C88F50062B9D9 /* SceneDelegate.swift in Sources */ = {isa = PBXBuildFile; fileRef = A2FB0F112C8C88F50062B9D9 /* SceneDelegate.swift */; };
		A2FB0F142C8C88F50062B9D9 /* ViewController.swift in Sources */ = {isa = PBXBuildFile; fileRef = A2FB0F132C8C88F50062B9D9 /* ViewController.swift */; };
		A2FB0F1A2C8C88F50062B9D9 /* Realm_homework.xcdatamodeld in Sources */ = {isa = PBXBuildFile; fileRef = A2FB0F182C8C88F50062B9D9 /* Realm_homework.xcdatamodeld */; };
		A2FB0F1C2C8C88F60062B9D9 /* Assets.xcassets in Resources */ = {isa = PBXBuildFile; fileRef = A2FB0F1B2C8C88F60062B9D9 /* Assets.xcassets */; };
		A2FB0F1F2C8C88F60062B9D9 /* Base in Resources */ = {isa = PBXBuildFile; fileRef = A2FB0F1E2C8C88F60062B9D9 /* Base */; };
		A2FB0F2A2C8C88F70062B9D9 /* Realm_homeworkTests.swift in Sources */ = {isa = PBXBuildFile; fileRef = A2FB0F292C8C88F70062B9D9 /* Realm_homeworkTests.swift */; };
		A2FB0F342C8C88F70062B9D9 /* Realm_homeworkUITests.swift in Sources */ = {isa = PBXBuildFile; fileRef = A2FB0F332C8C88F70062B9D9 /* Realm_homeworkUITests.swift */; };
		A2FB0F362C8C88F70062B9D9 /* Realm_homeworkUITestsLaunchTests.swift in Sources */ = {isa = PBXBuildFile; fileRef = A2FB0F352C8C88F70062B9D9 /* Realm_homeworkUITestsLaunchTests.swift */; };
		A2FB0F442C8C8B380062B9D9 /* RealmSwift in Frameworks */ = {isa = PBXBuildFile; productRef = A2FB0F432C8C8B380062B9D9 /* RealmSwift */; };
		A2FB0F472C8C8B510062B9D9 /* Alamofire in Frameworks */ = {isa = PBXBuildFile; productRef = A2FB0F462C8C8B510062B9D9 /* Alamofire */; };
		A2FB0F492C8C9C4C0062B9D9 /* ChuckNorrisQuote.swift in Sources */ = {isa = PBXBuildFile; fileRef = A2FB0F482C8C9C4C0062B9D9 /* ChuckNorrisQuote.swift */; };
		A2FB0F4B2C8C9C760062B9D9 /* QuoteCategory.swift in Sources */ = {isa = PBXBuildFile; fileRef = A2FB0F4A2C8C9C760062B9D9 /* QuoteCategory.swift */; };
		A2FB0F4D2C8C9CA20062B9D9 /* APIService.swift in Sources */ = {isa = PBXBuildFile; fileRef = A2FB0F4C2C8C9CA20062B9D9 /* APIService.swift */; };
		A2FB0F4F2C8C9CE30062B9D9 /* RandomQuoteViewController.swift in Sources */ = {isa = PBXBuildFile; fileRef = A2FB0F4E2C8C9CE30062B9D9 /* RandomQuoteViewController.swift */; };
		A2FB0F512C8C9D070062B9D9 /* QuotesListViewController.swift in Sources */ = {isa = PBXBuildFile; fileRef = A2FB0F502C8C9D070062B9D9 /* QuotesListViewController.swift */; };
		A2FB0F532C8C9D1D0062B9D9 /* CategoriesViewController.swift in Sources */ = {isa = PBXBuildFile; fileRef = A2FB0F522C8C9D1D0062B9D9 /* CategoriesViewController.swift */; };
		A2FB0F552C8C9D340062B9D9 /* MainTabBarController.swift in Sources */ = {isa = PBXBuildFile; fileRef = A2FB0F542C8C9D340062B9D9 /* MainTabBarController.swift */; };
/* End PBXBuildFile section */

/* Begin PBXContainerItemProxy section */
		A2FB0F262C8C88F70062B9D9 /* PBXContainerItemProxy */ = {
			isa = PBXContainerItemProxy;
			containerPortal = A2FB0F042C8C88F50062B9D9 /* Project object */;
			proxyType = 1;
			remoteGlobalIDString = A2FB0F0B2C8C88F50062B9D9;
			remoteInfo = "Realm-homework";
		};
		A2FB0F302C8C88F70062B9D9 /* PBXContainerItemProxy */ = {
			isa = PBXContainerItemProxy;
			containerPortal = A2FB0F042C8C88F50062B9D9 /* Project object */;
			proxyType = 1;
			remoteGlobalIDString = A2FB0F0B2C8C88F50062B9D9;
			remoteInfo = "Realm-homework";
		};
/* End PBXContainerItemProxy section */

/* Begin PBXFileReference section */
		A2BD158E2C8DB49500AF8816 /* QuotesByCategoryViewController.swift */ = {isa = PBXFileReference; lastKnownFileType = sourcecode.swift; path = QuotesByCategoryViewController.swift; sourceTree = "<group>"; };
		A2BD15902C8DB56E00AF8816 /* QuoteDetailViewController.swift */ = {isa = PBXFileReference; lastKnownFileType = sourcecode.swift; path = QuoteDetailViewController.swift; sourceTree = "<group>"; };
		A2FB0F0C2C8C88F50062B9D9 /* Realm-homework.app */ = {isa = PBXFileReference; explicitFileType = wrapper.application; includeInIndex = 0; path = "Realm-homework.app"; sourceTree = BUILT_PRODUCTS_DIR; };
		A2FB0F0F2C8C88F50062B9D9 /* AppDelegate.swift */ = {isa = PBXFileReference; lastKnownFileType = sourcecode.swift; path = AppDelegate.swift; sourceTree = "<group>"; };
		A2FB0F112C8C88F50062B9D9 /* SceneDelegate.swift */ = {isa = PBXFileReference; lastKnownFileType = sourcecode.swift; path = SceneDelegate.swift; sourceTree = "<group>"; };
		A2FB0F132C8C88F50062B9D9 /* ViewController.swift */ = {isa = PBXFileReference; lastKnownFileType = sourcecode.swift; path = ViewController.swift; sourceTree = "<group>"; };
		A2FB0F192C8C88F50062B9D9 /* Realm_homework.xcdatamodel */ = {isa = PBXFileReference; lastKnownFileType = wrapper.xcdatamodel; path = Realm_homework.xcdatamodel; sourceTree = "<group>"; };
		A2FB0F1B2C8C88F60062B9D9 /* Assets.xcassets */ = {isa = PBXFileReference; lastKnownFileType = folder.assetcatalog; path = Assets.xcassets; sourceTree = "<group>"; };
		A2FB0F1E2C8C88F60062B9D9 /* Base */ = {isa = PBXFileReference; lastKnownFileType = file.storyboard; name = Base; path = Base.lproj/LaunchScreen.storyboard; sourceTree = "<group>"; };
		A2FB0F202C8C88F60062B9D9 /* Info.plist */ = {isa = PBXFileReference; lastKnownFileType = text.plist.xml; path = Info.plist; sourceTree = "<group>"; };
		A2FB0F252C8C88F70062B9D9 /* Realm-homeworkTests.xctest */ = {isa = PBXFileReference; explicitFileType = wrapper.cfbundle; includeInIndex = 0; path = "Realm-homeworkTests.xctest"; sourceTree = BUILT_PRODUCTS_DIR; };
		A2FB0F292C8C88F70062B9D9 /* Realm_homeworkTests.swift */ = {isa = PBXFileReference; lastKnownFileType = sourcecode.swift; path = Realm_homeworkTests.swift; sourceTree = "<group>"; };
		A2FB0F2F2C8C88F70062B9D9 /* Realm-homeworkUITests.xctest */ = {isa = PBXFileReference; explicitFileType = wrapper.cfbundle; includeInIndex = 0; path = "Realm-homeworkUITests.xctest"; sourceTree = BUILT_PRODUCTS_DIR; };
		A2FB0F332C8C88F70062B9D9 /* Realm_homeworkUITests.swift */ = {isa = PBXFileReference; lastKnownFileType = sourcecode.swift; path = Realm_homeworkUITests.swift; sourceTree = "<group>"; };
		A2FB0F352C8C88F70062B9D9 /* Realm_homeworkUITestsLaunchTests.swift */ = {isa = PBXFileReference; lastKnownFileType = sourcecode.swift; path = Realm_homeworkUITestsLaunchTests.swift; sourceTree = "<group>"; };
		A2FB0F482C8C9C4C0062B9D9 /* ChuckNorrisQuote.swift */ = {isa = PBXFileReference; lastKnownFileType = sourcecode.swift; path = ChuckNorrisQuote.swift; sourceTree = "<group>"; };
		A2FB0F4A2C8C9C760062B9D9 /* QuoteCategory.swift */ = {isa = PBXFileReference; lastKnownFileType = sourcecode.swift; path = QuoteCategory.swift; sourceTree = "<group>"; };
		A2FB0F4C2C8C9CA20062B9D9 /* APIService.swift */ = {isa = PBXFileReference; lastKnownFileType = sourcecode.swift; path = APIService.swift; sourceTree = "<group>"; };
		A2FB0F4E2C8C9CE30062B9D9 /* RandomQuoteViewController.swift */ = {isa = PBXFileReference; lastKnownFileType = sourcecode.swift; path = RandomQuoteViewController.swift; sourceTree = "<group>"; };
		A2FB0F502C8C9D070062B9D9 /* QuotesListViewController.swift */ = {isa = PBXFileReference; lastKnownFileType = sourcecode.swift; path = QuotesListViewController.swift; sourceTree = "<group>"; };
		A2FB0F522C8C9D1D0062B9D9 /* CategoriesViewController.swift */ = {isa = PBXFileReference; lastKnownFileType = sourcecode.swift; path = CategoriesViewController.swift; sourceTree = "<group>"; };
		A2FB0F542C8C9D340062B9D9 /* MainTabBarController.swift */ = {isa = PBXFileReference; lastKnownFileType = sourcecode.swift; path = MainTabBarController.swift; sourceTree = "<group>"; };
/* End PBXFileReference section */

/* Begin PBXFrameworksBuildPhase section */
		A2FB0F092C8C88F50062B9D9 /* Frameworks */ = {
			isa = PBXFrameworksBuildPhase;
			buildActionMask = 2147483647;
			files = (
				A2FB0F442C8C8B380062B9D9 /* RealmSwift in Frameworks */,
				A2FB0F472C8C8B510062B9D9 /* Alamofire in Frameworks */,
			);
			runOnlyForDeploymentPostprocessing = 0;
		};
		A2FB0F222C8C88F70062B9D9 /* Frameworks */ = {
			isa = PBXFrameworksBuildPhase;
			buildActionMask = 2147483647;
			files = (
			);
			runOnlyForDeploymentPostprocessing = 0;
		};
		A2FB0F2C2C8C88F70062B9D9 /* Frameworks */ = {
			isa = PBXFrameworksBuildPhase;
			buildActionMask = 2147483647;
			files = (
			);
			runOnlyForDeploymentPostprocessing = 0;
		};
/* End PBXFrameworksBuildPhase section */

/* Begin PBXGroup section */
		A2FB0F032C8C88F50062B9D9 = {
			isa = PBXGroup;
			children = (
				A2FB0F0E2C8C88F50062B9D9 /* Realm-homework */,
				A2FB0F282C8C88F70062B9D9 /* Realm-homeworkTests */,
				A2FB0F322C8C88F70062B9D9 /* Realm-homeworkUITests */,
				A2FB0F0D2C8C88F50062B9D9 /* Products */,
			);
			sourceTree = "<group>";
		};
		A2FB0F0D2C8C88F50062B9D9 /* Products */ = {
			isa = PBXGroup;
			children = (
				A2FB0F0C2C8C88F50062B9D9 /* Realm-homework.app */,
				A2FB0F252C8C88F70062B9D9 /* Realm-homeworkTests.xctest */,
				A2FB0F2F2C8C88F70062B9D9 /* Realm-homeworkUITests.xctest */,
			);
			name = Products;
			sourceTree = "<group>";
		};
		A2FB0F0E2C8C88F50062B9D9 /* Realm-homework */ = {
			isa = PBXGroup;
			children = (
				A2FB0F0F2C8C88F50062B9D9 /* AppDelegate.swift */,
				A2FB0F112C8C88F50062B9D9 /* SceneDelegate.swift */,
				A2FB0F132C8C88F50062B9D9 /* ViewController.swift */,
				A2FB0F1B2C8C88F60062B9D9 /* Assets.xcassets */,
				A2FB0F1D2C8C88F60062B9D9 /* LaunchScreen.storyboard */,
				A2FB0F202C8C88F60062B9D9 /* Info.plist */,
				A2FB0F182C8C88F50062B9D9 /* Realm_homework.xcdatamodeld */,
				A2FB0F482C8C9C4C0062B9D9 /* ChuckNorrisQuote.swift */,
				A2FB0F4A2C8C9C760062B9D9 /* QuoteCategory.swift */,
				A2FB0F4C2C8C9CA20062B9D9 /* APIService.swift */,
				A2FB0F4E2C8C9CE30062B9D9 /* RandomQuoteViewController.swift */,
				A2FB0F502C8C9D070062B9D9 /* QuotesListViewController.swift */,
				A2FB0F522C8C9D1D0062B9D9 /* CategoriesViewController.swift */,
				A2FB0F542C8C9D340062B9D9 /* MainTabBarController.swift */,
				A2BD158E2C8DB49500AF8816 /* QuotesByCategoryViewController.swift */,
				A2BD15902C8DB56E00AF8816 /* QuoteDetailViewController.swift */,
			);
			path = "Realm-homework";
			sourceTree = "<group>";
		};
		A2FB0F282C8C88F70062B9D9 /* Realm-homeworkTests */ = {
			isa = PBXGroup;
			children = (
				A2FB0F292C8C88F70062B9D9 /* Realm_homeworkTests.swift */,
			);
			path = "Realm-homeworkTests";
			sourceTree = "<group>";
		};
		A2FB0F322C8C88F70062B9D9 /* Realm-homeworkUITests */ = {
			isa = PBXGroup;
			children = (
				A2FB0F332C8C88F70062B9D9 /* Realm_homeworkUITests.swift */,
				A2FB0F352C8C88F70062B9D9 /* Realm_homeworkUITestsLaunchTests.swift */,
			);
			path = "Realm-homeworkUITests";
			sourceTree = "<group>";
		};
/* End PBXGroup section */

/* Begin PBXNativeTarget section */
		A2FB0F0B2C8C88F50062B9D9 /* Realm-homework */ = {
			isa = PBXNativeTarget;
			buildConfigurationList = A2FB0F392C8C88F70062B9D9 /* Build configuration list for PBXNativeTarget "Realm-homework" */;
			buildPhases = (
				A2FB0F082C8C88F50062B9D9 /* Sources */,
				A2FB0F092C8C88F50062B9D9 /* Frameworks */,
				A2FB0F0A2C8C88F50062B9D9 /* Resources */,
			);
			buildRules = (
			);
			dependencies = (
			);
			name = "Realm-homework";
			packageProductDependencies = (
				A2FB0F432C8C8B380062B9D9 /* RealmSwift */,
				A2FB0F462C8C8B510062B9D9 /* Alamofire */,
			);
			productName = "Realm-homework";
			productReference = A2FB0F0C2C8C88F50062B9D9 /* Realm-homework.app */;
			productType = "com.apple.product-type.application";
		};
		A2FB0F242C8C88F70062B9D9 /* Realm-homeworkTests */ = {
			isa = PBXNativeTarget;
			buildConfigurationList = A2FB0F3C2C8C88F70062B9D9 /* Build configuration list for PBXNativeTarget "Realm-homeworkTests" */;
			buildPhases = (
				A2FB0F212C8C88F70062B9D9 /* Sources */,
				A2FB0F222C8C88F70062B9D9 /* Frameworks */,
				A2FB0F232C8C88F70062B9D9 /* Resources */,
			);
			buildRules = (
			);
			dependencies = (
				A2FB0F272C8C88F70062B9D9 /* PBXTargetDependency */,
			);
			name = "Realm-homeworkTests";
			productName = "Realm-homeworkTests";
			productReference = A2FB0F252C8C88F70062B9D9 /* Realm-homeworkTests.xctest */;
			productType = "com.apple.product-type.bundle.unit-test";
		};
		A2FB0F2E2C8C88F70062B9D9 /* Realm-homeworkUITests */ = {
			isa = PBXNativeTarget;
			buildConfigurationList = A2FB0F3F2C8C88F70062B9D9 /* Build configuration list for PBXNativeTarget "Realm-homeworkUITests" */;
			buildPhases = (
				A2FB0F2B2C8C88F70062B9D9 /* Sources */,
				A2FB0F2C2C8C88F70062B9D9 /* Frameworks */,
				A2FB0F2D2C8C88F70062B9D9 /* Resources */,
			);
			buildRules = (
			);
			dependencies = (
				A2FB0F312C8C88F70062B9D9 /* PBXTargetDependency */,
			);
			name = "Realm-homeworkUITests";
			productName = "Realm-homeworkUITests";
			productReference = A2FB0F2F2C8C88F70062B9D9 /* Realm-homeworkUITests.xctest */;
			productType = "com.apple.product-type.bundle.ui-testing";
		};
/* End PBXNativeTarget section */

/* Begin PBXProject section */
		A2FB0F042C8C88F50062B9D9 /* Project object */ = {
			isa = PBXProject;
			attributes = {
				BuildIndependentTargetsInParallel = 1;
				LastSwiftUpdateCheck = 1540;
				LastUpgradeCheck = 1540;
				TargetAttributes = {
					A2FB0F0B2C8C88F50062B9D9 = {
						CreatedOnToolsVersion = 15.4;
					};
					A2FB0F242C8C88F70062B9D9 = {
						CreatedOnToolsVersion = 15.4;
						TestTargetID = A2FB0F0B2C8C88F50062B9D9;
					};
					A2FB0F2E2C8C88F70062B9D9 = {
						CreatedOnToolsVersion = 15.4;
						TestTargetID = A2FB0F0B2C8C88F50062B9D9;
					};
				};
			};
			buildConfigurationList = A2FB0F072C8C88F50062B9D9 /* Build configuration list for PBXProject "Realm-homework" */;
			compatibilityVersion = "Xcode 14.0";
			developmentRegion = en;
			hasScannedForEncodings = 0;
			knownRegions = (
				en,
				Base,
			);
			mainGroup = A2FB0F032C8C88F50062B9D9;
			packageReferences = (
				A2FB0F422C8C8B380062B9D9 /* XCRemoteSwiftPackageReference "realm-swift" */,
				A2FB0F452C8C8B510062B9D9 /* XCRemoteSwiftPackageReference "Alamofire" */,
			);
			productRefGroup = A2FB0F0D2C8C88F50062B9D9 /* Products */;
			projectDirPath = "";
			projectRoot = "";
			targets = (
				A2FB0F0B2C8C88F50062B9D9 /* Realm-homework */,
				A2FB0F242C8C88F70062B9D9 /* Realm-homeworkTests */,
				A2FB0F2E2C8C88F70062B9D9 /* Realm-homeworkUITests */,
			);
		};
/* End PBXProject section */

/* Begin PBXResourcesBuildPhase section */
		A2FB0F0A2C8C88F50062B9D9 /* Resources */ = {
			isa = PBXResourcesBuildPhase;
			buildActionMask = 2147483647;
			files = (
				A2FB0F1C2C8C88F60062B9D9 /* Assets.xcassets in Resources */,
				A2FB0F1F2C8C88F60062B9D9 /* Base in Resources */,
			);
			runOnlyForDeploymentPostprocessing = 0;
		};
		A2FB0F232C8C88F70062B9D9 /* Resources */ = {
			isa = PBXResourcesBuildPhase;
			buildActionMask = 2147483647;
			files = (
			);
			runOnlyForDeploymentPostprocessing = 0;
		};
		A2FB0F2D2C8C88F70062B9D9 /* Resources */ = {
			isa = PBXResourcesBuildPhase;
			buildActionMask = 2147483647;
			files = (
			);
			runOnlyForDeploymentPostprocessing = 0;
		};
/* End PBXResourcesBuildPhase section */

/* Begin PBXSourcesBuildPhase section */
		A2FB0F082C8C88F50062B9D9 /* Sources */ = {
			isa = PBXSourcesBuildPhase;
			buildActionMask = 2147483647;
			files = (
				A2FB0F4F2C8C9CE30062B9D9 /* RandomQuoteViewController.swift in Sources */,
				A2FB0F4B2C8C9C760062B9D9 /* QuoteCategory.swift in Sources */,
				A2FB0F552C8C9D340062B9D9 /* MainTabBarController.swift in Sources */,
				A2FB0F4D2C8C9CA20062B9D9 /* APIService.swift in Sources */,
				A2BD158F2C8DB49500AF8816 /* QuotesByCategoryViewController.swift in Sources */,
				A2FB0F142C8C88F50062B9D9 /* ViewController.swift in Sources */,
				A2FB0F532C8C9D1D0062B9D9 /* CategoriesViewController.swift in Sources */,
				A2FB0F102C8C88F50062B9D9 /* AppDelegate.swift in Sources */,
				A2FB0F122C8C88F50062B9D9 /* SceneDelegate.swift in Sources */,
				A2FB0F512C8C9D070062B9D9 /* QuotesListViewController.swift in Sources */,
				A2FB0F1A2C8C88F50062B9D9 /* Realm_homework.xcdatamodeld in Sources */,
				A2FB0F492C8C9C4C0062B9D9 /* ChuckNorrisQuote.swift in Sources */,
				A2BD15912C8DB56E00AF8816 /* QuoteDetailViewController.swift in Sources */,
			);
			runOnlyForDeploymentPostprocessing = 0;
		};
		A2FB0F212C8C88F70062B9D9 /* Sources */ = {
			isa = PBXSourcesBuildPhase;
			buildActionMask = 2147483647;
			files = (
				A2FB0F2A2C8C88F70062B9D9 /* Realm_homeworkTests.swift in Sources */,
			);
			runOnlyForDeploymentPostprocessing = 0;
		};
		A2FB0F2B2C8C88F70062B9D9 /* Sources */ = {
			isa = PBXSourcesBuildPhase;
			buildActionMask = 2147483647;
			files = (
				A2FB0F362C8C88F70062B9D9 /* Realm_homeworkUITestsLaunchTests.swift in Sources */,
				A2FB0F342C8C88F70062B9D9 /* Realm_homeworkUITests.swift in Sources */,
			);
			runOnlyForDeploymentPostprocessing = 0;
		};
/* End PBXSourcesBuildPhase section */

/* Begin PBXTargetDependency section */
		A2FB0F272C8C88F70062B9D9 /* PBXTargetDependency */ = {
			isa = PBXTargetDependency;
			target = A2FB0F0B2C8C88F50062B9D9 /* Realm-homework */;
			targetProxy = A2FB0F262C8C88F70062B9D9 /* PBXContainerItemProxy */;
		};
		A2FB0F312C8C88F70062B9D9 /* PBXTargetDependency */ = {
			isa = PBXTargetDependency;
			target = A2FB0F0B2C8C88F50062B9D9 /* Realm-homework */;
			targetProxy = A2FB0F302C8C88F70062B9D9 /* PBXContainerItemProxy */;
		};
/* End PBXTargetDependency section */

/* Begin PBXVariantGroup section */
		A2FB0F1D2C8C88F60062B9D9 /* LaunchScreen.storyboard */ = {
			isa = PBXVariantGroup;
			children = (
				A2FB0F1E2C8C88F60062B9D9 /* Base */,
			);
			name = LaunchScreen.storyboard;
			sourceTree = "<group>";
		};
/* End PBXVariantGroup section */

/* Begin XCBuildConfiguration section */
		A2FB0F372C8C88F70062B9D9 /* Debug */ = {
			isa = XCBuildConfiguration;
			buildSettings = {
				ALWAYS_SEARCH_USER_PATHS = NO;
				ASSETCATALOG_COMPILER_GENERATE_SWIFT_ASSET_SYMBOL_EXTENSIONS = YES;
				CLANG_ANALYZER_NONNULL = YES;
				CLANG_ANALYZER_NUMBER_OBJECT_CONVERSION = YES_AGGRESSIVE;
				CLANG_CXX_LANGUAGE_STANDARD = "gnu++20";
				CLANG_ENABLE_MODULES = YES;
				CLANG_ENABLE_OBJC_ARC = YES;
				CLANG_ENABLE_OBJC_WEAK = YES;
				CLANG_WARN_BLOCK_CAPTURE_AUTORELEASING = YES;
				CLANG_WARN_BOOL_CONVERSION = YES;
				CLANG_WARN_COMMA = YES;
				CLANG_WARN_CONSTANT_CONVERSION = YES;
				CLANG_WARN_DEPRECATED_OBJC_IMPLEMENTATIONS = YES;
				CLANG_WARN_DIRECT_OBJC_ISA_USAGE = YES_ERROR;
				CLANG_WARN_DOCUMENTATION_COMMENTS = YES;
				CLANG_WARN_EMPTY_BODY = YES;
				CLANG_WARN_ENUM_CONVERSION = YES;
				CLANG_WARN_INFINITE_RECURSION = YES;
				CLANG_WARN_INT_CONVERSION = YES;
				CLANG_WARN_NON_LITERAL_NULL_CONVERSION = YES;
				CLANG_WARN_OBJC_IMPLICIT_RETAIN_SELF = YES;
				CLANG_WARN_OBJC_LITERAL_CONVERSION = YES;
				CLANG_WARN_OBJC_ROOT_CLASS = YES_ERROR;
				CLANG_WARN_QUOTED_INCLUDE_IN_FRAMEWORK_HEADER = YES;
				CLANG_WARN_RANGE_LOOP_ANALYSIS = YES;
				CLANG_WARN_STRICT_PROTOTYPES = YES;
				CLANG_WARN_SUSPICIOUS_MOVE = YES;
				CLANG_WARN_UNGUARDED_AVAILABILITY = YES_AGGRESSIVE;
				CLANG_WARN_UNREACHABLE_CODE = YES;
				CLANG_WARN__DUPLICATE_METHOD_MATCH = YES;
				COPY_PHASE_STRIP = NO;
				DEBUG_INFORMATION_FORMAT = dwarf;
				ENABLE_STRICT_OBJC_MSGSEND = YES;
				ENABLE_TESTABILITY = YES;
				ENABLE_USER_SCRIPT_SANDBOXING = YES;
				GCC_C_LANGUAGE_STANDARD = gnu17;
				GCC_DYNAMIC_NO_PIC = NO;
				GCC_NO_COMMON_BLOCKS = YES;
				GCC_OPTIMIZATION_LEVEL = 0;
				GCC_PREPROCESSOR_DEFINITIONS = (
					"DEBUG=1",
					"$(inherited)",
				);
				GCC_WARN_64_TO_32_BIT_CONVERSION = YES;
				GCC_WARN_ABOUT_RETURN_TYPE = YES_ERROR;
				GCC_WARN_UNDECLARED_SELECTOR = YES;
				GCC_WARN_UNINITIALIZED_AUTOS = YES_AGGRESSIVE;
				GCC_WARN_UNUSED_FUNCTION = YES;
				GCC_WARN_UNUSED_VARIABLE = YES;
				IPHONEOS_DEPLOYMENT_TARGET = 17.5;
				LOCALIZATION_PREFERS_STRING_CATALOGS = YES;
				MTL_ENABLE_DEBUG_INFO = INCLUDE_SOURCE;
				MTL_FAST_MATH = YES;
				ONLY_ACTIVE_ARCH = YES;
				SDKROOT = iphoneos;
				SWIFT_ACTIVE_COMPILATION_CONDITIONS = "DEBUG $(inherited)";
				SWIFT_OPTIMIZATION_LEVEL = "-Onone";
			};
			name = Debug;
		};
		A2FB0F382C8C88F70062B9D9 /* Release */ = {
			isa = XCBuildConfiguration;
			buildSettings = {
				ALWAYS_SEARCH_USER_PATHS = NO;
				ASSETCATALOG_COMPILER_GENERATE_SWIFT_ASSET_SYMBOL_EXTENSIONS = YES;
				CLANG_ANALYZER_NONNULL = YES;
				CLANG_ANALYZER_NUMBER_OBJECT_CONVERSION = YES_AGGRESSIVE;
				CLANG_CXX_LANGUAGE_STANDARD = "gnu++20";
				CLANG_ENABLE_MODULES = YES;
				CLANG_ENABLE_OBJC_ARC = YES;
				CLANG_ENABLE_OBJC_WEAK = YES;
				CLANG_WARN_BLOCK_CAPTURE_AUTORELEASING = YES;
				CLANG_WARN_BOOL_CONVERSION = YES;
				CLANG_WARN_COMMA = YES;
				CLANG_WARN_CONSTANT_CONVERSION = YES;
				CLANG_WARN_DEPRECATED_OBJC_IMPLEMENTATIONS = YES;
				CLANG_WARN_DIRECT_OBJC_ISA_USAGE = YES_ERROR;
				CLANG_WARN_DOCUMENTATION_COMMENTS = YES;
				CLANG_WARN_EMPTY_BODY = YES;
				CLANG_WARN_ENUM_CONVERSION = YES;
				CLANG_WARN_INFINITE_RECURSION = YES;
				CLANG_WARN_INT_CONVERSION = YES;
				CLANG_WARN_NON_LITERAL_NULL_CONVERSION = YES;
				CLANG_WARN_OBJC_IMPLICIT_RETAIN_SELF = YES;
				CLANG_WARN_OBJC_LITERAL_CONVERSION = YES;
				CLANG_WARN_OBJC_ROOT_CLASS = YES_ERROR;
				CLANG_WARN_QUOTED_INCLUDE_IN_FRAMEWORK_HEADER = YES;
				CLANG_WARN_RANGE_LOOP_ANALYSIS = YES;
				CLANG_WARN_STRICT_PROTOTYPES = YES;
				CLANG_WARN_SUSPICIOUS_MOVE = YES;
				CLANG_WARN_UNGUARDED_AVAILABILITY = YES_AGGRESSIVE;
				CLANG_WARN_UNREACHABLE_CODE = YES;
				CLANG_WARN__DUPLICATE_METHOD_MATCH = YES;
				COPY_PHASE_STRIP = NO;
				DEBUG_INFORMATION_FORMAT = "dwarf-with-dsym";
				ENABLE_NS_ASSERTIONS = NO;
				ENABLE_STRICT_OBJC_MSGSEND = YES;
				ENABLE_USER_SCRIPT_SANDBOXING = YES;
				GCC_C_LANGUAGE_STANDARD = gnu17;
				GCC_NO_COMMON_BLOCKS = YES;
				GCC_WARN_64_TO_32_BIT_CONVERSION = YES;
				GCC_WARN_ABOUT_RETURN_TYPE = YES_ERROR;
				GCC_WARN_UNDECLARED_SELECTOR = YES;
				GCC_WARN_UNINITIALIZED_AUTOS = YES_AGGRESSIVE;
				GCC_WARN_UNUSED_FUNCTION = YES;
				GCC_WARN_UNUSED_VARIABLE = YES;
				IPHONEOS_DEPLOYMENT_TARGET = 17.5;
				LOCALIZATION_PREFERS_STRING_CATALOGS = YES;
				MTL_ENABLE_DEBUG_INFO = NO;
				MTL_FAST_MATH = YES;
				SDKROOT = iphoneos;
				SWIFT_COMPILATION_MODE = wholemodule;
				VALIDATE_PRODUCT = YES;
			};
			name = Release;
		};
		A2FB0F3A2C8C88F70062B9D9 /* Debug */ = {
			isa = XCBuildConfiguration;
			buildSettings = {
				ASSETCATALOG_COMPILER_APPICON_NAME = AppIcon;
				ASSETCATALOG_COMPILER_GLOBAL_ACCENT_COLOR_NAME = AccentColor;
				CODE_SIGN_STYLE = Automatic;
				CURRENT_PROJECT_VERSION = 1;
				GENERATE_INFOPLIST_FILE = YES;
				INFOPLIST_FILE = "Realm-homework/Info.plist";
				INFOPLIST_KEY_UIApplicationSupportsIndirectInputEvents = YES;
				INFOPLIST_KEY_UILaunchStoryboardName = LaunchScreen;
				INFOPLIST_KEY_UISupportedInterfaceOrientations_iPad = "UIInterfaceOrientationPortrait UIInterfaceOrientationPortraitUpsideDown UIInterfaceOrientationLandscapeLeft UIInterfaceOrientationLandscapeRight";
				INFOPLIST_KEY_UISupportedInterfaceOrientations_iPhone = "UIInterfaceOrientationPortrait UIInterfaceOrientationLandscapeLeft UIInterfaceOrientationLandscapeRight";
				LD_RUNPATH_SEARCH_PATHS = (
					"$(inherited)",
					"@executable_path/Frameworks",
				);
				MARKETING_VERSION = 1.0;
				PRODUCT_BUNDLE_IDENTIFIER = "com.realm-homework.Realm-homework";
				PRODUCT_NAME = "$(TARGET_NAME)";
				SWIFT_EMIT_LOC_STRINGS = YES;
				SWIFT_VERSION = 5.0;
				TARGETED_DEVICE_FAMILY = "1,2";
			};
			name = Debug;
		};
		A2FB0F3B2C8C88F70062B9D9 /* Release */ = {
			isa = XCBuildConfiguration;
			buildSettings = {
				ASSETCATALOG_COMPILER_APPICON_NAME = AppIcon;
				ASSETCATALOG_COMPILER_GLOBAL_ACCENT_COLOR_NAME = AccentColor;
				CODE_SIGN_STYLE = Automatic;
				CURRENT_PROJECT_VERSION = 1;
				GENERATE_INFOPLIST_FILE = YES;
				INFOPLIST_FILE = "Realm-homework/Info.plist";
				INFOPLIST_KEY_UIApplicationSupportsIndirectInputEvents = YES;
				INFOPLIST_KEY_UILaunchStoryboardName = LaunchScreen;
				INFOPLIST_KEY_UISupportedInterfaceOrientations_iPad = "UIInterfaceOrientationPortrait UIInterfaceOrientationPortraitUpsideDown UIInterfaceOrientationLandscapeLeft UIInterfaceOrientationLandscapeRight";
				INFOPLIST_KEY_UISupportedInterfaceOrientations_iPhone = "UIInterfaceOrientationPortrait UIInterfaceOrientationLandscapeLeft UIInterfaceOrientationLandscapeRight";
				LD_RUNPATH_SEARCH_PATHS = (
					"$(inherited)",
					"@executable_path/Frameworks",
				);
				MARKETING_VERSION = 1.0;
				PRODUCT_BUNDLE_IDENTIFIER = "com.realm-homework.Realm-homework";
				PRODUCT_NAME = "$(TARGET_NAME)";
				SWIFT_EMIT_LOC_STRINGS = YES;
				SWIFT_VERSION = 5.0;
				TARGETED_DEVICE_FAMILY = "1,2";
			};
			name = Release;
		};
		A2FB0F3D2C8C88F70062B9D9 /* Debug */ = {
			isa = XCBuildConfiguration;
			buildSettings = {
				ALWAYS_EMBED_SWIFT_STANDARD_LIBRARIES = YES;
				BUNDLE_LOADER = "$(TEST_HOST)";
				CODE_SIGN_STYLE = Automatic;
				CURRENT_PROJECT_VERSION = 1;
				GENERATE_INFOPLIST_FILE = YES;
				IPHONEOS_DEPLOYMENT_TARGET = 17.5;
				MARKETING_VERSION = 1.0;
				PRODUCT_BUNDLE_IDENTIFIER = "com.realm-homework.Realm-homeworkTests";
				PRODUCT_NAME = "$(TARGET_NAME)";
				SWIFT_EMIT_LOC_STRINGS = NO;
				SWIFT_VERSION = 5.0;
				TARGETED_DEVICE_FAMILY = "1,2";
				TEST_HOST = "$(BUILT_PRODUCTS_DIR)/Realm-homework.app/$(BUNDLE_EXECUTABLE_FOLDER_PATH)/Realm-homework";
			};
			name = Debug;
		};
		A2FB0F3E2C8C88F70062B9D9 /* Release */ = {
			isa = XCBuildConfiguration;
			buildSettings = {
				ALWAYS_EMBED_SWIFT_STANDARD_LIBRARIES = YES;
				BUNDLE_LOADER = "$(TEST_HOST)";
				CODE_SIGN_STYLE = Automatic;
				CURRENT_PROJECT_VERSION = 1;
				GENERATE_INFOPLIST_FILE = YES;
				IPHONEOS_DEPLOYMENT_TARGET = 17.5;
				MARKETING_VERSION = 1.0;
				PRODUCT_BUNDLE_IDENTIFIER = "com.realm-homework.Realm-homeworkTests";
				PRODUCT_NAME = "$(TARGET_NAME)";
				SWIFT_EMIT_LOC_STRINGS = NO;
				SWIFT_VERSION = 5.0;
				TARGETED_DEVICE_FAMILY = "1,2";
				TEST_HOST = "$(BUILT_PRODUCTS_DIR)/Realm-homework.app/$(BUNDLE_EXECUTABLE_FOLDER_PATH)/Realm-homework";
			};
			name = Release;
		};
		A2FB0F402C8C88F70062B9D9 /* Debug */ = {
			isa = XCBuildConfiguration;
			buildSettings = {
				ALWAYS_EMBED_SWIFT_STANDARD_LIBRARIES = YES;
				CODE_SIGN_STYLE = Automatic;
				CURRENT_PROJECT_VERSION = 1;
				GENERATE_INFOPLIST_FILE = YES;
				MARKETING_VERSION = 1.0;
				PRODUCT_BUNDLE_IDENTIFIER = "com.realm-homework.Realm-homeworkUITests";
				PRODUCT_NAME = "$(TARGET_NAME)";
				SWIFT_EMIT_LOC_STRINGS = NO;
				SWIFT_VERSION = 5.0;
				TARGETED_DEVICE_FAMILY = "1,2";
				TEST_TARGET_NAME = "Realm-homework";
			};
			name = Debug;
		};
		A2FB0F412C8C88F70062B9D9 /* Release */ = {
			isa = XCBuildConfiguration;
			buildSettings = {
				ALWAYS_EMBED_SWIFT_STANDARD_LIBRARIES = YES;
				CODE_SIGN_STYLE = Automatic;
				CURRENT_PROJECT_VERSION = 1;
				GENERATE_INFOPLIST_FILE = YES;
				MARKETING_VERSION = 1.0;
				PRODUCT_BUNDLE_IDENTIFIER = "com.realm-homework.Realm-homeworkUITests";
				PRODUCT_NAME = "$(TARGET_NAME)";
				SWIFT_EMIT_LOC_STRINGS = NO;
				SWIFT_VERSION = 5.0;
				TARGETED_DEVICE_FAMILY = "1,2";
				TEST_TARGET_NAME = "Realm-homework";
			};
			name = Release;
		};
/* End XCBuildConfiguration section */

/* Begin XCConfigurationList section */
		A2FB0F072C8C88F50062B9D9 /* Build configuration list for PBXProject "Realm-homework" */ = {
			isa = XCConfigurationList;
			buildConfigurations = (
				A2FB0F372C8C88F70062B9D9 /* Debug */,
				A2FB0F382C8C88F70062B9D9 /* Release */,
			);
			defaultConfigurationIsVisible = 0;
			defaultConfigurationName = Release;
		};
		A2FB0F392C8C88F70062B9D9 /* Build configuration list for PBXNativeTarget "Realm-homework" */ = {
			isa = XCConfigurationList;
			buildConfigurations = (
				A2FB0F3A2C8C88F70062B9D9 /* Debug */,
				A2FB0F3B2C8C88F70062B9D9 /* Release */,
			);
			defaultConfigurationIsVisible = 0;
			defaultConfigurationName = Release;
		};
		A2FB0F3C2C8C88F70062B9D9 /* Build configuration list for PBXNativeTarget "Realm-homeworkTests" */ = {
			isa = XCConfigurationList;
			buildConfigurations = (
				A2FB0F3D2C8C88F70062B9D9 /* Debug */,
				A2FB0F3E2C8C88F70062B9D9 /* Release */,
			);
			defaultConfigurationIsVisible = 0;
			defaultConfigurationName = Release;
		};
		A2FB0F3F2C8C88F70062B9D9 /* Build configuration list for PBXNativeTarget "Realm-homeworkUITests" */ = {
			isa = XCConfigurationList;
			buildConfigurations = (
				A2FB0F402C8C88F70062B9D9 /* Debug */,
				A2FB0F412C8C88F70062B9D9 /* Release */,
			);
			defaultConfigurationIsVisible = 0;
			defaultConfigurationName = Release;
		};
/* End XCConfigurationList section */

/* Begin XCRemoteSwiftPackageReference section */
		A2FB0F422C8C8B380062B9D9 /* XCRemoteSwiftPackageReference "realm-swift" */ = {
			isa = XCRemoteSwiftPackageReference;
			repositoryURL = "https://github.com/realm/realm-swift";
			requirement = {
				branch = master;
				kind = branch;
			};
		};
		A2FB0F452C8C8B510062B9D9 /* XCRemoteSwiftPackageReference "Alamofire" */ = {
			isa = XCRemoteSwiftPackageReference;
			repositoryURL = "https://github.com/Alamofire/Alamofire";
			requirement = {
				kind = upToNextMajorVersion;
				minimumVersion = 5.9.1;
			};
		};
/* End XCRemoteSwiftPackageReference section */

/* Begin XCSwiftPackageProductDependency section */
		A2FB0F432C8C8B380062B9D9 /* RealmSwift */ = {
			isa = XCSwiftPackageProductDependency;
			package = A2FB0F422C8C8B380062B9D9 /* XCRemoteSwiftPackageReference "realm-swift" */;
			productName = RealmSwift;
		};
		A2FB0F462C8C8B510062B9D9 /* Alamofire */ = {
			isa = XCSwiftPackageProductDependency;
			package = A2FB0F452C8C8B510062B9D9 /* XCRemoteSwiftPackageReference "Alamofire" */;
			productName = Alamofire;
		};
/* End XCSwiftPackageProductDependency section */

/* Begin XCVersionGroup section */
		A2FB0F182C8C88F50062B9D9 /* Realm_homework.xcdatamodeld */ = {
			isa = XCVersionGroup;
			children = (
				A2FB0F192C8C88F50062B9D9 /* Realm_homework.xcdatamodel */,
			);
			currentVersion = A2FB0F192C8C88F50062B9D9 /* Realm_homework.xcdatamodel */;
			path = Realm_homework.xcdatamodeld;
			sourceTree = "<group>";
			versionGroupType = wrapper.xcdatamodel;
		};
/* End XCVersionGroup section */
	};
	rootObject = A2FB0F042C8C88F50062B9D9 /* Project object */;
}
